// !$*UTF8*$!
{
	archiveVersion = 1;
	classes = {
	};
	objectVersion = 51;
	objects = {

/* Begin PBXBuildFile section */
		4BD5A651271D907B006FD54C /* AppDelegate.swift in Sources */ = {isa = PBXBuildFile; fileRef = 4BD5A650271D907B006FD54C /* AppDelegate.swift */; };
		4BD5A653271D907B006FD54C /* SceneDelegate.swift in Sources */ = {isa = PBXBuildFile; fileRef = 4BD5A652271D907B006FD54C /* SceneDelegate.swift */; };
		4BD5A655271D907B006FD54C /* ViewController.swift in Sources */ = {isa = PBXBuildFile; fileRef = 4BD5A654271D907B006FD54C /* ViewController.swift */; };
		4BD5A658271D907C006FD54C /* Main.storyboard in Resources */ = {isa = PBXBuildFile; fileRef = 4BD5A656271D907C006FD54C /* Main.storyboard */; };
		4BD5A65A271D907C006FD54C /* Assets.xcassets in Resources */ = {isa = PBXBuildFile; fileRef = 4BD5A659271D907C006FD54C /* Assets.xcassets */; };
		4BD5A65D271D907C006FD54C /* LaunchScreen.storyboard in Resources */ = {isa = PBXBuildFile; fileRef = 4BD5A65B271D907C006FD54C /* LaunchScreen.storyboard */; };
		501328A43D9CDC98695B5BB3 /* Pods_MultiGoogleService.framework in Frameworks */ = {isa = PBXBuildFile; fileRef = D74ABE39FC0D06DDE75023DF /* Pods_MultiGoogleService.framework */; };
/* End PBXBuildFile section */

/* Begin PBXFileReference section */
		35A3E6F2283B431239CA0F17 /* Pods-MultiGoogleService.staging.xcconfig */ = {isa = PBXFileReference; includeInIndex = 1; lastKnownFileType = text.xcconfig; name = "Pods-MultiGoogleService.staging.xcconfig"; path = "Target Support Files/Pods-MultiGoogleService/Pods-MultiGoogleService.staging.xcconfig"; sourceTree = "<group>"; };
		4B2EDEB7271E83DE003C798B /* GoogleService-Info-Release.plist */ = {isa = PBXFileReference; lastKnownFileType = text.plist.xml; path = "GoogleService-Info-Release.plist"; sourceTree = "<group>"; };
		4B2EDEB8271E83DE003C798B /* GoogleService-Info-Debug.plist */ = {isa = PBXFileReference; lastKnownFileType = text.plist.xml; path = "GoogleService-Info-Debug.plist"; sourceTree = "<group>"; };
		4B2EDEB9271E83DE003C798B /* GoogleService-Info-Staging.plist */ = {isa = PBXFileReference; lastKnownFileType = text.plist.xml; path = "GoogleService-Info-Staging.plist"; sourceTree = "<group>"; };
		4BD5A64D271D907B006FD54C /* MultiGoogleService.app */ = {isa = PBXFileReference; explicitFileType = wrapper.application; includeInIndex = 0; path = MultiGoogleService.app; sourceTree = BUILT_PRODUCTS_DIR; };
		4BD5A650271D907B006FD54C /* AppDelegate.swift */ = {isa = PBXFileReference; lastKnownFileType = sourcecode.swift; path = AppDelegate.swift; sourceTree = "<group>"; };
		4BD5A652271D907B006FD54C /* SceneDelegate.swift */ = {isa = PBXFileReference; lastKnownFileType = sourcecode.swift; path = SceneDelegate.swift; sourceTree = "<group>"; };
		4BD5A654271D907B006FD54C /* ViewController.swift */ = {isa = PBXFileReference; lastKnownFileType = sourcecode.swift; path = ViewController.swift; sourceTree = "<group>"; };
		4BD5A657271D907C006FD54C /* Base */ = {isa = PBXFileReference; lastKnownFileType = file.storyboard; name = Base; path = Base.lproj/Main.storyboard; sourceTree = "<group>"; };
		4BD5A659271D907C006FD54C /* Assets.xcassets */ = {isa = PBXFileReference; lastKnownFileType = folder.assetcatalog; path = Assets.xcassets; sourceTree = "<group>"; };
		4BD5A65C271D907C006FD54C /* Base */ = {isa = PBXFileReference; lastKnownFileType = file.storyboard; name = Base; path = Base.lproj/LaunchScreen.storyboard; sourceTree = "<group>"; };
		4BD5A65E271D907C006FD54C /* Info.plist */ = {isa = PBXFileReference; lastKnownFileType = text.plist.xml; path = Info.plist; sourceTree = "<group>"; };
		53A07A056B9110F871E333E9 /* Pods-MultiGoogleService.debug.xcconfig */ = {isa = PBXFileReference; includeInIndex = 1; lastKnownFileType = text.xcconfig; name = "Pods-MultiGoogleService.debug.xcconfig"; path = "Target Support Files/Pods-MultiGoogleService/Pods-MultiGoogleService.debug.xcconfig"; sourceTree = "<group>"; };
		D74ABE39FC0D06DDE75023DF /* Pods_MultiGoogleService.framework */ = {isa = PBXFileReference; explicitFileType = wrapper.framework; includeInIndex = 0; path = Pods_MultiGoogleService.framework; sourceTree = BUILT_PRODUCTS_DIR; };
		E137FF2545768354D84BD992 /* Pods-MultiGoogleService.release.xcconfig */ = {isa = PBXFileReference; includeInIndex = 1; lastKnownFileType = text.xcconfig; name = "Pods-MultiGoogleService.release.xcconfig"; path = "Target Support Files/Pods-MultiGoogleService/Pods-MultiGoogleService.release.xcconfig"; sourceTree = "<group>"; };
/* End PBXFileReference section */

/* Begin PBXFrameworksBuildPhase section */
		4BD5A64A271D907B006FD54C /* Frameworks */ = {
			isa = PBXFrameworksBuildPhase;
			buildActionMask = 2147483647;
			files = (
				501328A43D9CDC98695B5BB3 /* Pods_MultiGoogleService.framework in Frameworks */,
			);
			runOnlyForDeploymentPostprocessing = 0;
		};
/* End PBXFrameworksBuildPhase section */

/* Begin PBXGroup section */
		191AFE2DC16DDB63BD40D25F /* Pods */ = {
			isa = PBXGroup;
			children = (
				53A07A056B9110F871E333E9 /* Pods-MultiGoogleService.debug.xcconfig */,
				35A3E6F2283B431239CA0F17 /* Pods-MultiGoogleService.staging.xcconfig */,
				E137FF2545768354D84BD992 /* Pods-MultiGoogleService.release.xcconfig */,
			);
			path = Pods;
			sourceTree = "<group>";
		};
		4BD5A644271D907B006FD54C = {
			isa = PBXGroup;
			children = (
				4BD5A64F271D907B006FD54C /* MultiGoogleService */,
				4BD5A64E271D907B006FD54C /* Products */,
				191AFE2DC16DDB63BD40D25F /* Pods */,
				FE2CB7EE3EE6D9E9193CD1A1 /* Frameworks */,
			);
			sourceTree = "<group>";
		};
		4BD5A64E271D907B006FD54C /* Products */ = {
			isa = PBXGroup;
			children = (
				4BD5A64D271D907B006FD54C /* MultiGoogleService.app */,
			);
			name = Products;
			sourceTree = "<group>";
		};
		4BD5A64F271D907B006FD54C /* MultiGoogleService */ = {
			isa = PBXGroup;
			children = (
				4BD5A675271D914E006FD54C /* Application */,
				4BF99B47271D921900FC5AE9 /* Configurations */,
				4BD5A678271D9175006FD54C /* Controllers */,
				4BD5A677271D9164006FD54C /* Storyboards */,
				4BD5A659271D907C006FD54C /* Assets.xcassets */,
			);
			path = MultiGoogleService;
			sourceTree = "<group>";
		};
		4BD5A675271D914E006FD54C /* Application */ = {
			isa = PBXGroup;
			children = (
				4BD5A650271D907B006FD54C /* AppDelegate.swift */,
				4BD5A652271D907B006FD54C /* SceneDelegate.swift */,
				4BD5A65E271D907C006FD54C /* Info.plist */,
			);
			path = Application;
			sourceTree = "<group>";
		};
		4BD5A677271D9164006FD54C /* Storyboards */ = {
			isa = PBXGroup;
			children = (
				4BD5A656271D907C006FD54C /* Main.storyboard */,
				4BD5A65B271D907C006FD54C /* LaunchScreen.storyboard */,
			);
			path = Storyboards;
			sourceTree = "<group>";
		};
		4BD5A678271D9175006FD54C /* Controllers */ = {
			isa = PBXGroup;
			children = (
				4BD5A654271D907B006FD54C /* ViewController.swift */,
			);
			path = Controllers;
			sourceTree = "<group>";
		};
		4BF99B47271D921900FC5AE9 /* Configurations */ = {
			isa = PBXGroup;
			children = (
				4B2EDEB8271E83DE003C798B /* GoogleService-Info-Debug.plist */,
				4B2EDEB7271E83DE003C798B /* GoogleService-Info-Release.plist */,
				4B2EDEB9271E83DE003C798B /* GoogleService-Info-Staging.plist */,
			);
			path = Configurations;
			sourceTree = "<group>";
		};
		FE2CB7EE3EE6D9E9193CD1A1 /* Frameworks */ = {
			isa = PBXGroup;
			children = (
				D74ABE39FC0D06DDE75023DF /* Pods_MultiGoogleService.framework */,
			);
			name = Frameworks;
			sourceTree = "<group>";
		};
/* End PBXGroup section */

/* Begin PBXNativeTarget section */
		4BD5A64C271D907B006FD54C /* MultiGoogleService */ = {
			isa = PBXNativeTarget;
			buildConfigurationList = 4BD5A661271D907C006FD54C /* Build configuration list for PBXNativeTarget "MultiGoogleService" */;
			buildPhases = (
				928C9723C77A0E2D0EE00C48 /* [CP] Check Pods Manifest.lock */,
				4BD5A649271D907B006FD54C /* Sources */,
				4BD5A64A271D907B006FD54C /* Frameworks */,
				4BD5A64B271D907B006FD54C /* Resources */,
				4BF99B4B271D929000FC5AE9 /* Switch Google Service */,
				FD73AF59F28457225F497685 /* [CP] Embed Pods Frameworks */,
			);
			buildRules = (
			);
			dependencies = (
			);
			name = MultiGoogleService;
			productName = MultiGoogleService;
			productReference = 4BD5A64D271D907B006FD54C /* MultiGoogleService.app */;
			productType = "com.apple.product-type.application";
		};
/* End PBXNativeTarget section */

/* Begin PBXProject section */
		4BD5A645271D907B006FD54C /* Project object */ = {
			isa = PBXProject;
			attributes = {
				LastSwiftUpdateCheck = 1240;
				LastUpgradeCheck = 1240;
				TargetAttributes = {
					4BD5A64C271D907B006FD54C = {
						CreatedOnToolsVersion = 12.4;
					};
				};
			};
			buildConfigurationList = 4BD5A648271D907B006FD54C /* Build configuration list for PBXProject "MultiGoogleService" */;
			compatibilityVersion = "Xcode 9.3";
			developmentRegion = en;
			hasScannedForEncodings = 0;
			knownRegions = (
				en,
				Base,
			);
			mainGroup = 4BD5A644271D907B006FD54C;
			productRefGroup = 4BD5A64E271D907B006FD54C /* Products */;
			projectDirPath = "";
			projectRoot = "";
			targets = (
				4BD5A64C271D907B006FD54C /* MultiGoogleService */,
			);
		};
/* End PBXProject section */

/* Begin PBXResourcesBuildPhase section */
		4BD5A64B271D907B006FD54C /* Resources */ = {
			isa = PBXResourcesBuildPhase;
			buildActionMask = 2147483647;
			files = (
				4BD5A65D271D907C006FD54C /* LaunchScreen.storyboard in Resources */,
				4BD5A65A271D907C006FD54C /* Assets.xcassets in Resources */,
				4BD5A658271D907C006FD54C /* Main.storyboard in Resources */,
			);
			runOnlyForDeploymentPostprocessing = 0;
		};
/* End PBXResourcesBuildPhase section */

/* Begin PBXShellScriptBuildPhase section */
		4BF99B4B271D929000FC5AE9 /* Switch Google Service */ = {
			isa = PBXShellScriptBuildPhase;
			buildActionMask = 2147483647;
			files = (
			);
			inputFileListPaths = (
			);
			inputPaths = (
			);
			name = "Switch Google Service";
			outputFileListPaths = (
			);
			outputPaths = (
			);
			runOnlyForDeploymentPostprocessing = 0;
			shellPath = /bin/sh;
			shellScript = "PATH_TO_GOOGLE_PLISTS=\"${PROJECT_DIR}/${PROJECT_NAME}/Configurations\"\n\ncase \"${CONFIGURATION}\" in\n\n\"Debug\" )\ncp -r \"$PATH_TO_GOOGLE_PLISTS/GoogleService-Info-Debug.plist\" \"${BUILT_PRODUCTS_DIR}/${PRODUCT_NAME}.app/GoogleService-Info.plist\" ;;\n\n\"Staging\" )\ncp -r \"$PATH_TO_GOOGLE_PLISTS/GoogleService-Info-Staging.plist\" \"${BUILT_PRODUCTS_DIR}/${PRODUCT_NAME}.app/GoogleService-Info.plist\" ;;\n\n\"Release\" )\ncp -r \"$PATH_TO_GOOGLE_PLISTS/GoogleService-Info-Release.plist\" \"${BUILT_PRODUCTS_DIR}/${PRODUCT_NAME}.app/GoogleService-Info.plist\" ;;\n\n*)\n;;\nesac\n";
		};
		928C9723C77A0E2D0EE00C48 /* [CP] Check Pods Manifest.lock */ = {
			isa = PBXShellScriptBuildPhase;
			buildActionMask = 2147483647;
			files = (
			);
			inputFileListPaths = (
			);
			inputPaths = (
				"${PODS_PODFILE_DIR_PATH}/Podfile.lock",
				"${PODS_ROOT}/Manifest.lock",
			);
			name = "[CP] Check Pods Manifest.lock";
			outputFileListPaths = (
			);
			outputPaths = (
				"$(DERIVED_FILE_DIR)/Pods-MultiGoogleService-checkManifestLockResult.txt",
			);
			runOnlyForDeploymentPostprocessing = 0;
			shellPath = /bin/sh;
			shellScript = "diff \"${PODS_PODFILE_DIR_PATH}/Podfile.lock\" \"${PODS_ROOT}/Manifest.lock\" > /dev/null\nif [ $? != 0 ] ; then\n    # print error to STDERR\n    echo \"error: The sandbox is not in sync with the Podfile.lock. Run 'pod install' or update your CocoaPods installation.\" >&2\n    exit 1\nfi\n# This output is used by Xcode 'outputs' to avoid re-running this script phase.\necho \"SUCCESS\" > \"${SCRIPT_OUTPUT_FILE_0}\"\n";
			showEnvVarsInLog = 0;
		};
		FD73AF59F28457225F497685 /* [CP] Embed Pods Frameworks */ = {
			isa = PBXShellScriptBuildPhase;
			buildActionMask = 2147483647;
			files = (
			);
			inputFileListPaths = (
				"${PODS_ROOT}/Target Support Files/Pods-MultiGoogleService/Pods-MultiGoogleService-frameworks-${CONFIGURATION}-input-files.xcfilelist",
			);
			name = "[CP] Embed Pods Frameworks";
			outputFileListPaths = (
				"${PODS_ROOT}/Target Support Files/Pods-MultiGoogleService/Pods-MultiGoogleService-frameworks-${CONFIGURATION}-output-files.xcfilelist",
			);
			runOnlyForDeploymentPostprocessing = 0;
			shellPath = /bin/sh;
			shellScript = "\"${PODS_ROOT}/Target Support Files/Pods-MultiGoogleService/Pods-MultiGoogleService-frameworks.sh\"\n";
			showEnvVarsInLog = 0;
		};
/* End PBXShellScriptBuildPhase section */

/* Begin PBXSourcesBuildPhase section */
		4BD5A649271D907B006FD54C /* Sources */ = {
			isa = PBXSourcesBuildPhase;
			buildActionMask = 2147483647;
			files = (
				4BD5A655271D907B006FD54C /* ViewController.swift in Sources */,
				4BD5A651271D907B006FD54C /* AppDelegate.swift in Sources */,
				4BD5A653271D907B006FD54C /* SceneDelegate.swift in Sources */,
			);
			runOnlyForDeploymentPostprocessing = 0;
		};
/* End PBXSourcesBuildPhase section */

/* Begin PBXVariantGroup section */
		4BD5A656271D907C006FD54C /* Main.storyboard */ = {
			isa = PBXVariantGroup;
			children = (
				4BD5A657271D907C006FD54C /* Base */,
			);
			name = Main.storyboard;
			sourceTree = "<group>";
		};
		4BD5A65B271D907C006FD54C /* LaunchScreen.storyboard */ = {
			isa = PBXVariantGroup;
			children = (
				4BD5A65C271D907C006FD54C /* Base */,
			);
			name = LaunchScreen.storyboard;
			sourceTree = "<group>";
		};
/* End PBXVariantGroup section */

/* Begin XCBuildConfiguration section */
		4BD5A65F271D907C006FD54C /* Debug */ = {
			isa = XCBuildConfiguration;
			buildSettings = {
				ALWAYS_SEARCH_USER_PATHS = NO;
				CLANG_ANALYZER_NONNULL = YES;
				CLANG_ANALYZER_NUMBER_OBJECT_CONVERSION = YES_AGGRESSIVE;
				CLANG_CXX_LANGUAGE_STANDARD = "gnu++14";
				CLANG_CXX_LIBRARY = "libc++";
				CLANG_ENABLE_MODULES = YES;
				CLANG_ENABLE_OBJC_ARC = YES;
				CLANG_ENABLE_OBJC_WEAK = YES;
				CLANG_WARN_BLOCK_CAPTURE_AUTORELEASING = YES;
				CLANG_WARN_BOOL_CONVERSION = YES;
				CLANG_WARN_COMMA = YES;
				CLANG_WARN_CONSTANT_CONVERSION = YES;
				CLANG_WARN_DEPRECATED_OBJC_IMPLEMENTATIONS = YES;
				CLANG_WARN_DIRECT_OBJC_ISA_USAGE = YES_ERROR;
				CLANG_WARN_DOCUMENTATION_COMMENTS = YES;
				CLANG_WARN_EMPTY_BODY = YES;
				CLANG_WARN_ENUM_CONVERSION = YES;
				CLANG_WARN_INFINITE_RECURSION = YES;
				CLANG_WARN_INT_CONVERSION = YES;
				CLANG_WARN_NON_LITERAL_NULL_CONVERSION = YES;
				CLANG_WARN_OBJC_IMPLICIT_RETAIN_SELF = YES;
				CLANG_WARN_OBJC_LITERAL_CONVERSION = YES;
				CLANG_WARN_OBJC_ROOT_CLASS = YES_ERROR;
				CLANG_WARN_QUOTED_INCLUDE_IN_FRAMEWORK_HEADER = YES;
				CLANG_WARN_RANGE_LOOP_ANALYSIS = YES;
				CLANG_WARN_STRICT_PROTOTYPES = YES;
				CLANG_WARN_SUSPICIOUS_MOVE = YES;
				CLANG_WARN_UNGUARDED_AVAILABILITY = YES_AGGRESSIVE;
				CLANG_WARN_UNREACHABLE_CODE = YES;
				CLANG_WARN__DUPLICATE_METHOD_MATCH = YES;
				COPY_PHASE_STRIP = NO;
				DEBUG_INFORMATION_FORMAT = dwarf;
				ENABLE_STRICT_OBJC_MSGSEND = YES;
				ENABLE_TESTABILITY = YES;
				GCC_C_LANGUAGE_STANDARD = gnu11;
				GCC_DYNAMIC_NO_PIC = NO;
				GCC_NO_COMMON_BLOCKS = YES;
				GCC_OPTIMIZATION_LEVEL = 0;
				GCC_PREPROCESSOR_DEFINITIONS = (
					"DEBUG=1",
					"$(inherited)",
				);
				GCC_WARN_64_TO_32_BIT_CONVERSION = YES;
				GCC_WARN_ABOUT_RETURN_TYPE = YES_ERROR;
				GCC_WARN_UNDECLARED_SELECTOR = YES;
				GCC_WARN_UNINITIALIZED_AUTOS = YES_AGGRESSIVE;
				GCC_WARN_UNUSED_FUNCTION = YES;
				GCC_WARN_UNUSED_VARIABLE = YES;
				IPHONEOS_DEPLOYMENT_TARGET = 14.4;
				MTL_ENABLE_DEBUG_INFO = INCLUDE_SOURCE;
				MTL_FAST_MATH = YES;
				ONLY_ACTIVE_ARCH = YES;
				SDKROOT = iphoneos;
				SWIFT_ACTIVE_COMPILATION_CONDITIONS = DEBUG;
				SWIFT_OPTIMIZATION_LEVEL = "-Onone";
			};
			name = Debug;
		};
		4BD5A660271D907C006FD54C /* Release */ = {
			isa = XCBuildConfiguration;
			buildSettings = {
				ALWAYS_SEARCH_USER_PATHS = NO;
				CLANG_ANALYZER_NONNULL = YES;
				CLANG_ANALYZER_NUMBER_OBJECT_CONVERSION = YES_AGGRESSIVE;
				CLANG_CXX_LANGUAGE_STANDARD = "gnu++14";
				CLANG_CXX_LIBRARY = "libc++";
				CLANG_ENABLE_MODULES = YES;
				CLANG_ENABLE_OBJC_ARC = YES;
				CLANG_ENABLE_OBJC_WEAK = YES;
				CLANG_WARN_BLOCK_CAPTURE_AUTORELEASING = YES;
				CLANG_WARN_BOOL_CONVERSION = YES;
				CLANG_WARN_COMMA = YES;
				CLANG_WARN_CONSTANT_CONVERSION = YES;
				CLANG_WARN_DEPRECATED_OBJC_IMPLEMENTATIONS = YES;
				CLANG_WARN_DIRECT_OBJC_ISA_USAGE = YES_ERROR;
				CLANG_WARN_DOCUMENTATION_COMMENTS = YES;
				CLANG_WARN_EMPTY_BODY = YES;
				CLANG_WARN_ENUM_CONVERSION = YES;
				CLANG_WARN_INFINITE_RECURSION = YES;
				CLANG_WARN_INT_CONVERSION = YES;
				CLANG_WARN_NON_LITERAL_NULL_CONVERSION = YES;
				CLANG_WARN_OBJC_IMPLICIT_RETAIN_SELF = YES;
				CLANG_WARN_OBJC_LITERAL_CONVERSION = YES;
				CLANG_WARN_OBJC_ROOT_CLASS = YES_ERROR;
				CLANG_WARN_QUOTED_INCLUDE_IN_FRAMEWORK_HEADER = YES;
				CLANG_WARN_RANGE_LOOP_ANALYSIS = YES;
				CLANG_WARN_STRICT_PROTOTYPES = YES;
				CLANG_WARN_SUSPICIOUS_MOVE = YES;
				CLANG_WARN_UNGUARDED_AVAILABILITY = YES_AGGRESSIVE;
				CLANG_WARN_UNREACHABLE_CODE = YES;
				CLANG_WARN__DUPLICATE_METHOD_MATCH = YES;
				COPY_PHASE_STRIP = NO;
				DEBUG_INFORMATION_FORMAT = "dwarf-with-dsym";
				ENABLE_NS_ASSERTIONS = NO;
				ENABLE_STRICT_OBJC_MSGSEND = YES;
				GCC_C_LANGUAGE_STANDARD = gnu11;
				GCC_NO_COMMON_BLOCKS = YES;
				GCC_WARN_64_TO_32_BIT_CONVERSION = YES;
				GCC_WARN_ABOUT_RETURN_TYPE = YES_ERROR;
				GCC_WARN_UNDECLARED_SELECTOR = YES;
				GCC_WARN_UNINITIALIZED_AUTOS = YES_AGGRESSIVE;
				GCC_WARN_UNUSED_FUNCTION = YES;
				GCC_WARN_UNUSED_VARIABLE = YES;
				IPHONEOS_DEPLOYMENT_TARGET = 14.4;
				MTL_ENABLE_DEBUG_INFO = NO;
				MTL_FAST_MATH = YES;
				SDKROOT = iphoneos;
				SWIFT_COMPILATION_MODE = wholemodule;
				SWIFT_OPTIMIZATION_LEVEL = "-O";
				VALIDATE_PRODUCT = YES;
			};
			name = Release;
		};
		4BD5A662271D907C006FD54C /* Debug */ = {
			isa = XCBuildConfiguration;
			baseConfigurationReference = 53A07A056B9110F871E333E9 /* Pods-MultiGoogleService.debug.xcconfig */;
			buildSettings = {
				ASSETCATALOG_COMPILER_APPICON_NAME = AppIcon;
				ASSETCATALOG_COMPILER_GLOBAL_ACCENT_COLOR_NAME = AccentColor;
				CODE_SIGN_IDENTITY = "iPhone Developer";
				CODE_SIGN_STYLE = Automatic;
				DISPLAY_NAME = "[dev]MultiGoogleService";
				INFOPLIST_FILE = MultiGoogleService/Application/Info.plist;
				LD_RUNPATH_SEARCH_PATHS = (
					"$(inherited)",
					"@executable_path/Frameworks",
				);
				PRODUCT_BUNDLE_IDENTIFIER = multi.googleservice.dev;
				PRODUCT_NAME = "$(TARGET_NAME)";
				SWIFT_VERSION = 5.0;
				TARGETED_DEVICE_FAMILY = "1,2";
			};
			name = Debug;
		};
		4BD5A663271D907C006FD54C /* Release */ = {
			isa = XCBuildConfiguration;
			baseConfigurationReference = E137FF2545768354D84BD992 /* Pods-MultiGoogleService.release.xcconfig */;
			buildSettings = {
				ASSETCATALOG_COMPILER_APPICON_NAME = AppIcon;
				ASSETCATALOG_COMPILER_GLOBAL_ACCENT_COLOR_NAME = AccentColor;
				CODE_SIGN_IDENTITY = "iPhone Distribution";
				CODE_SIGN_STYLE = Automatic;
				DISPLAY_NAME = MultiGoogleService;
				INFOPLIST_FILE = MultiGoogleService/Application/Info.plist;
				LD_RUNPATH_SEARCH_PATHS = (
					"$(inherited)",
					"@executable_path/Frameworks",
				);
				PRODUCT_BUNDLE_IDENTIFIER = multi.googleservice.release;
				PRODUCT_NAME = "$(TARGET_NAME)";
				SWIFT_ACTIVE_COMPILATION_CONDITIONS = RELEASE;
				SWIFT_VERSION = 5.0;
				TARGETED_DEVICE_FAMILY = "1,2";
			};
			name = Release;
		};
		4BD5A665271D90D6006FD54C /* Staging */ = {
			isa = XCBuildConfiguration;
			buildSettings = {
				ALWAYS_SEARCH_USER_PATHS = NO;
				CLANG_ANALYZER_NONNULL = YES;
				CLANG_ANALYZER_NUMBER_OBJECT_CONVERSION = YES_AGGRESSIVE;
				CLANG_CXX_LANGUAGE_STANDARD = "gnu++14";
				CLANG_CXX_LIBRARY = "libc++";
				CLANG_ENABLE_MODULES = YES;
				CLANG_ENABLE_OBJC_ARC = YES;
				CLANG_ENABLE_OBJC_WEAK = YES;
				CLANG_WARN_BLOCK_CAPTURE_AUTORELEASING = YES;
				CLANG_WARN_BOOL_CONVERSION = YES;
				CLANG_WARN_COMMA = YES;
				CLANG_WARN_CONSTANT_CONVERSION = YES;
				CLANG_WARN_DEPRECATED_OBJC_IMPLEMENTATIONS = YES;
				CLANG_WARN_DIRECT_OBJC_ISA_USAGE = YES_ERROR;
				CLANG_WARN_DOCUMENTATION_COMMENTS = YES;
				CLANG_WARN_EMPTY_BODY = YES;
				CLANG_WARN_ENUM_CONVERSION = YES;
				CLANG_WARN_INFINITE_RECURSION = YES;
				CLANG_WARN_INT_CONVERSION = YES;
				CLANG_WARN_NON_LITERAL_NULL_CONVERSION = YES;
				CLANG_WARN_OBJC_IMPLICIT_RETAIN_SELF = YES;
				CLANG_WARN_OBJC_LITERAL_CONVERSION = YES;
				CLANG_WARN_OBJC_ROOT_CLASS = YES_ERROR;
				CLANG_WARN_QUOTED_INCLUDE_IN_FRAMEWORK_HEADER = YES;
				CLANG_WARN_RANGE_LOOP_ANALYSIS = YES;
				CLANG_WARN_STRICT_PROTOTYPES = YES;
				CLANG_WARN_SUSPICIOUS_MOVE = YES;
				CLANG_WARN_UNGUARDED_AVAILABILITY = YES_AGGRESSIVE;
				CLANG_WARN_UNREACHABLE_CODE = YES;
				CLANG_WARN__DUPLICATE_METHOD_MATCH = YES;
				COPY_PHASE_STRIP = NO;
				DEBUG_INFORMATION_FORMAT = dwarf;
				ENABLE_STRICT_OBJC_MSGSEND = YES;
				ENABLE_TESTABILITY = YES;
				GCC_C_LANGUAGE_STANDARD = gnu11;
				GCC_DYNAMIC_NO_PIC = NO;
				GCC_NO_COMMON_BLOCKS = YES;
				GCC_OPTIMIZATION_LEVEL = 0;
				GCC_PREPROCESSOR_DEFINITIONS = (
					"DEBUG=1",
					"$(inherited)",
				);
				GCC_WARN_64_TO_32_BIT_CONVERSION = YES;
				GCC_WARN_ABOUT_RETURN_TYPE = YES_ERROR;
				GCC_WARN_UNDECLARED_SELECTOR = YES;
				GCC_WARN_UNINITIALIZED_AUTOS = YES_AGGRESSIVE;
				GCC_WARN_UNUSED_FUNCTION = YES;
				GCC_WARN_UNUSED_VARIABLE = YES;
				IPHONEOS_DEPLOYMENT_TARGET = 14.4;
				MTL_ENABLE_DEBUG_INFO = INCLUDE_SOURCE;
				MTL_FAST_MATH = YES;
				ONLY_ACTIVE_ARCH = YES;
				SDKROOT = iphoneos;
				SWIFT_ACTIVE_COMPILATION_CONDITIONS = DEBUG;
				SWIFT_OPTIMIZATION_LEVEL = "-Onone";
			};
			name = Staging;
		};
		4BD5A666271D90D6006FD54C /* Staging */ = {
			isa = XCBuildConfiguration;
			baseConfigurationReference = 35A3E6F2283B431239CA0F17 /* Pods-MultiGoogleService.staging.xcconfig */;
			buildSettings = {
				ASSETCATALOG_COMPILER_APPICON_NAME = AppIcon;
				ASSETCATALOG_COMPILER_GLOBAL_ACCENT_COLOR_NAME = AccentColor;
				CODE_SIGN_IDENTITY = "iPhone Distribution";
				CODE_SIGN_STYLE = Automatic;
				DISPLAY_NAME = "[stg]MultiGoogleSerivice";
				INFOPLIST_FILE = MultiGoogleService/Application/Info.plist;
				LD_RUNPATH_SEARCH_PATHS = (
					"$(inherited)",
					"@executable_path/Frameworks",
				);
				PRODUCT_BUNDLE_IDENTIFIER = multi.googleservice.staging;
				PRODUCT_NAME = "$(TARGET_NAME)";
				SWIFT_ACTIVE_COMPILATION_CONDITIONS = STAGING;
				SWIFT_VERSION = 5.0;
				TARGETED_DEVICE_FAMILY = "1,2";
			};
			name = Staging;
		};
/* End XCBuildConfiguration section */

/* Begin XCConfigurationList section */
		4BD5A648271D907B006FD54C /* Build configuration list for PBXProject "MultiGoogleService" */ = {
			isa = XCConfigurationList;
			buildConfigurations = (
				4BD5A65F271D907C006FD54C /* Debug */,
				4BD5A665271D90D6006FD54C /* Staging */,
				4BD5A660271D907C006FD54C /* Release */,
			);
			defaultConfigurationIsVisible = 0;
			defaultConfigurationName = Release;
		};
		4BD5A661271D907C006FD54C /* Build configuration list for PBXNativeTarget "MultiGoogleService" */ = {
			isa = XCConfigurationList;
			buildConfigurations = (
				4BD5A662271D907C006FD54C /* Debug */,
				4BD5A666271D90D6006FD54C /* Staging */,
				4BD5A663271D907C006FD54C /* Release */,
			);
			defaultConfigurationIsVisible = 0;
			defaultConfigurationName = Release;
		};
/* End XCConfigurationList section */
	};
	rootObject = 4BD5A645271D907B006FD54C /* Project object */;
}
